// !$*UTF8*$!
{
	archiveVersion = 1;
	classes = {
	};
	objectVersion = 50;
	objects = {

/* Begin PBXBuildFile section */
		9F2F745F282C0F5900969673 /* LoginFlowUITests.swift in Sources */ = {isa = PBXBuildFile; fileRef = 9F2F745E282C0F5900969673 /* LoginFlowUITests.swift */; };
		9F86849E2821A2B2003CB545 /* TextFieldViewController.storyboard in Resources */ = {isa = PBXBuildFile; fileRef = 9F86849D2821A2B2003CB545 /* TextFieldViewController.storyboard */; };
		9F8684A22821A613003CB545 /* TextFieldViewController.swift in Sources */ = {isa = PBXBuildFile; fileRef = 9F8684A12821A613003CB545 /* TextFieldViewController.swift */; };
		9F8684A52821A94C003CB545 /* TestingUITextFieldPropertiesTests.swift in Sources */ = {isa = PBXBuildFile; fileRef = 9F8684A42821A94C003CB545 /* TestingUITextFieldPropertiesTests.swift */; };
		D50AE62E2783040A00EFDA30 /* AppDelegate.swift in Sources */ = {isa = PBXBuildFile; fileRef = D50AE62D2783040A00EFDA30 /* AppDelegate.swift */; };
		D50AE6302783040A00EFDA30 /* SceneDelegate.swift in Sources */ = {isa = PBXBuildFile; fileRef = D50AE62F2783040A00EFDA30 /* SceneDelegate.swift */; };
		D50AE6352783040A00EFDA30 /* Main.storyboard in Resources */ = {isa = PBXBuildFile; fileRef = D50AE6332783040A00EFDA30 /* Main.storyboard */; };
		D50AE6372783040D00EFDA30 /* Assets.xcassets in Resources */ = {isa = PBXBuildFile; fileRef = D50AE6362783040D00EFDA30 /* Assets.xcassets */; };
		D50AE63A2783040D00EFDA30 /* LaunchScreen.storyboard in Resources */ = {isa = PBXBuildFile; fileRef = D50AE6382783040D00EFDA30 /* LaunchScreen.storyboard */; };
		D50AE6452783040E00EFDA30 /* PhotoAppTests.swift in Sources */ = {isa = PBXBuildFile; fileRef = D50AE6442783040E00EFDA30 /* PhotoAppTests.swift */; };
		D50AE6502783040E00EFDA30 /* SignupFlowUITests.swift in Sources */ = {isa = PBXBuildFile; fileRef = D50AE64F2783040E00EFDA30 /* SignupFlowUITests.swift */; };
		D50AE65E278304B600EFDA30 /* SignupFormModelValidatorTests.swift in Sources */ = {isa = PBXBuildFile; fileRef = D50AE65D278304B600EFDA30 /* SignupFormModelValidatorTests.swift */; };
		D50AE6602783062A00EFDA30 /* SignupFormModelValidator.swift in Sources */ = {isa = PBXBuildFile; fileRef = D50AE65F2783062A00EFDA30 /* SignupFormModelValidator.swift */; };
		D50AE67A2784314000EFDA30 /* SignupConstants.swift in Sources */ = {isa = PBXBuildFile; fileRef = D50AE6792784314000EFDA30 /* SignupConstants.swift */; };
		D56C89EE27D88C29003D7241 /* SignupViewControllerTests.swift in Sources */ = {isa = PBXBuildFile; fileRef = D56C89ED27D88C29003D7241 /* SignupViewControllerTests.swift */; };
		D56C89F227D88DB5003D7241 /* SignupViewController.swift in Sources */ = {isa = PBXBuildFile; fileRef = D56C89F127D88DB5003D7241 /* SignupViewController.swift */; };
		D56C89F427D89BF5003D7241 /* MockSignupPresenter.swift in Sources */ = {isa = PBXBuildFile; fileRef = D56C89F327D89BF5003D7241 /* MockSignupPresenter.swift */; };
		D56C89F627D89C6F003D7241 /* SignupPresenterProtocol.swift in Sources */ = {isa = PBXBuildFile; fileRef = D56C89F527D89C6F003D7241 /* SignupPresenterProtocol.swift */; };
		D57EE3292799B7E900D086B5 /* SignupPresenterTests.swift in Sources */ = {isa = PBXBuildFile; fileRef = D57EE3282799B7E900D086B5 /* SignupPresenterTests.swift */; };
		D57EE32B2799B8B600D086B5 /* SignupFormModel.swift in Sources */ = {isa = PBXBuildFile; fileRef = D57EE32A2799B8B600D086B5 /* SignupFormModel.swift */; };
		D57EE32D2799B9C300D086B5 /* SignupPresenter.swift in Sources */ = {isa = PBXBuildFile; fileRef = D57EE32C2799B9C300D086B5 /* SignupPresenter.swift */; };
		D57EE32F2799BB3F00D086B5 /* MockSignupModelValidator.swift in Sources */ = {isa = PBXBuildFile; fileRef = D57EE32E2799BB3F00D086B5 /* MockSignupModelValidator.swift */; };
		D57EE3312799BCE500D086B5 /* SignupModelValidatorProtocol.swift in Sources */ = {isa = PBXBuildFile; fileRef = D57EE3302799BCE500D086B5 /* SignupModelValidatorProtocol.swift */; };
		D58F8171278C180200646633 /* SignupWebServiceTests.swift in Sources */ = {isa = PBXBuildFile; fileRef = D58F8170278C180200646633 /* SignupWebServiceTests.swift */; };
		D58F8173278C18B200646633 /* SignupWebService.swift in Sources */ = {isa = PBXBuildFile; fileRef = D58F8172278C18B200646633 /* SignupWebService.swift */; };
		D58F8175278C19BC00646633 /* SignupFormRequestModel.swift in Sources */ = {isa = PBXBuildFile; fileRef = D58F8174278C19BC00646633 /* SignupFormRequestModel.swift */; };
		D58F8177278C1B5F00646633 /* SignupResponseModel.swift in Sources */ = {isa = PBXBuildFile; fileRef = D58F8176278C1B5F00646633 /* SignupResponseModel.swift */; };
		D58F8179278C1C0200646633 /* SignupError.swift in Sources */ = {isa = PBXBuildFile; fileRef = D58F8178278C1C0200646633 /* SignupError.swift */; };
		D58F8182278C2C8300646633 /* MockURLProtocol.swift in Sources */ = {isa = PBXBuildFile; fileRef = D58F8181278C2C8300646633 /* MockURLProtocol.swift */; };
		D59DBA0E27A01A610001D775 /* MockSignupWebService.swift in Sources */ = {isa = PBXBuildFile; fileRef = D59DBA0D27A01A610001D775 /* MockSignupWebService.swift */; };
		D59DBA1027A01C290001D775 /* SignupWebServiceProtocol.swift in Sources */ = {isa = PBXBuildFile; fileRef = D59DBA0F27A01C290001D775 /* SignupWebServiceProtocol.swift */; };
		D59DBA1227A023E70001D775 /* MockSignupViewDelegate.swift in Sources */ = {isa = PBXBuildFile; fileRef = D59DBA1127A023E70001D775 /* MockSignupViewDelegate.swift */; };
		D59DBA1427A0249B0001D775 /* SignupViewDelegateProtocol.swift in Sources */ = {isa = PBXBuildFile; fileRef = D59DBA1327A0249B0001D775 /* SignupViewDelegateProtocol.swift */; };
		D5AD0AA327DF2553008146A8 /* ViewController.swift in Sources */ = {isa = PBXBuildFile; fileRef = D5AD0AA227DF2553008146A8 /* ViewController.swift */; };
		D5AD0AA527DF2570008146A8 /* ViewController.storyboard in Resources */ = {isa = PBXBuildFile; fileRef = D5AD0AA427DF2570008146A8 /* ViewController.storyboard */; };
		D5AD0AA927DF25CE008146A8 /* LoadingViewControllerInUnitTestTests.swift in Sources */ = {isa = PBXBuildFile; fileRef = D5AD0AA827DF25CE008146A8 /* LoadingViewControllerInUnitTestTests.swift */; };
		D5AD0AAB27DF2777008146A8 /* LoadingViewControllerWithXIBTests.swift in Sources */ = {isa = PBXBuildFile; fileRef = D5AD0AAA27DF2777008146A8 /* LoadingViewControllerWithXIBTests.swift */; };
		D5AD0AAE27DF27A1008146A8 /* XIBBasedViewController.swift in Sources */ = {isa = PBXBuildFile; fileRef = D5AD0AAC27DF27A1008146A8 /* XIBBasedViewController.swift */; };
		D5AD0AAF27DF27A1008146A8 /* XIBBasedViewController.xib in Resources */ = {isa = PBXBuildFile; fileRef = D5AD0AAD27DF27A1008146A8 /* XIBBasedViewController.xib */; };
		D5AD0AB127DF284A008146A8 /* HomePageViewController.swift in Sources */ = {isa = PBXBuildFile; fileRef = D5AD0AB027DF284A008146A8 /* HomePageViewController.swift */; };
		D5AD0AB327DF289C008146A8 /* HomePageViewControllerTests.swift in Sources */ = {isa = PBXBuildFile; fileRef = D5AD0AB227DF289C008146A8 /* HomePageViewControllerTests.swift */; };
		D5AD0AB627DF2AC7008146A8 /* FormModel.swift in Sources */ = {isa = PBXBuildFile; fileRef = D5AD0AB527DF2AC7008146A8 /* FormModel.swift */; };
		D5AD0AB827DF2AF9008146A8 /* FormModelValidator.swift in Sources */ = {isa = PBXBuildFile; fileRef = D5AD0AB727DF2AF9008146A8 /* FormModelValidator.swift */; };
		D5AD0ABA27DF2BB0008146A8 /* FormError.swift in Sources */ = {isa = PBXBuildFile; fileRef = D5AD0AB927DF2BB0008146A8 /* FormError.swift */; };
		D5AD0ABD27DF2C2F008146A8 /* FormValidatorTests.swift in Sources */ = {isa = PBXBuildFile; fileRef = D5AD0ABC27DF2C2F008146A8 /* FormValidatorTests.swift */; };
/* End PBXBuildFile section */

/* Begin PBXContainerItemProxy section */
		D50AE6412783040E00EFDA30 /* PBXContainerItemProxy */ = {
			isa = PBXContainerItemProxy;
			containerPortal = D50AE6222783040A00EFDA30 /* Project object */;
			proxyType = 1;
			remoteGlobalIDString = D50AE6292783040A00EFDA30;
			remoteInfo = PhotoApp;
		};
		D50AE64C2783040E00EFDA30 /* PBXContainerItemProxy */ = {
			isa = PBXContainerItemProxy;
			containerPortal = D50AE6222783040A00EFDA30 /* Project object */;
			proxyType = 1;
			remoteGlobalIDString = D50AE6292783040A00EFDA30;
			remoteInfo = PhotoApp;
		};
/* End PBXContainerItemProxy section */

/* Begin PBXFileReference section */
		9F2F745E282C0F5900969673 /* LoginFlowUITests.swift */ = {isa = PBXFileReference; lastKnownFileType = sourcecode.swift; path = LoginFlowUITests.swift; sourceTree = "<group>"; };
		9F86849D2821A2B2003CB545 /* TextFieldViewController.storyboard */ = {isa = PBXFileReference; lastKnownFileType = file.storyboard; path = TextFieldViewController.storyboard; sourceTree = "<group>"; };
		9F8684A12821A613003CB545 /* TextFieldViewController.swift */ = {isa = PBXFileReference; lastKnownFileType = sourcecode.swift; path = TextFieldViewController.swift; sourceTree = "<group>"; };
		9F8684A42821A94C003CB545 /* TestingUITextFieldPropertiesTests.swift */ = {isa = PBXFileReference; lastKnownFileType = sourcecode.swift; path = TestingUITextFieldPropertiesTests.swift; sourceTree = "<group>"; };
		D50AE62A2783040A00EFDA30 /* PhotoApp.app */ = {isa = PBXFileReference; explicitFileType = wrapper.application; includeInIndex = 0; path = PhotoApp.app; sourceTree = BUILT_PRODUCTS_DIR; };
		D50AE62D2783040A00EFDA30 /* AppDelegate.swift */ = {isa = PBXFileReference; lastKnownFileType = sourcecode.swift; path = AppDelegate.swift; sourceTree = "<group>"; };
		D50AE62F2783040A00EFDA30 /* SceneDelegate.swift */ = {isa = PBXFileReference; lastKnownFileType = sourcecode.swift; path = SceneDelegate.swift; sourceTree = "<group>"; };
		D50AE6342783040A00EFDA30 /* Base */ = {isa = PBXFileReference; lastKnownFileType = file.storyboard; name = Base; path = Base.lproj/Main.storyboard; sourceTree = "<group>"; };
		D50AE6362783040D00EFDA30 /* Assets.xcassets */ = {isa = PBXFileReference; lastKnownFileType = folder.assetcatalog; path = Assets.xcassets; sourceTree = "<group>"; };
		D50AE6392783040D00EFDA30 /* Base */ = {isa = PBXFileReference; lastKnownFileType = file.storyboard; name = Base; path = Base.lproj/LaunchScreen.storyboard; sourceTree = "<group>"; };
		D50AE63B2783040D00EFDA30 /* Info.plist */ = {isa = PBXFileReference; lastKnownFileType = text.plist.xml; path = Info.plist; sourceTree = "<group>"; };
		D50AE6402783040E00EFDA30 /* PhotoAppTests.xctest */ = {isa = PBXFileReference; explicitFileType = wrapper.cfbundle; includeInIndex = 0; path = PhotoAppTests.xctest; sourceTree = BUILT_PRODUCTS_DIR; };
		D50AE6442783040E00EFDA30 /* PhotoAppTests.swift */ = {isa = PBXFileReference; lastKnownFileType = sourcecode.swift; path = PhotoAppTests.swift; sourceTree = "<group>"; };
		D50AE6462783040E00EFDA30 /* Info.plist */ = {isa = PBXFileReference; lastKnownFileType = text.plist.xml; path = Info.plist; sourceTree = "<group>"; };
		D50AE64B2783040E00EFDA30 /* PhotoAppUITests.xctest */ = {isa = PBXFileReference; explicitFileType = wrapper.cfbundle; includeInIndex = 0; path = PhotoAppUITests.xctest; sourceTree = BUILT_PRODUCTS_DIR; };
		D50AE64F2783040E00EFDA30 /* SignupFlowUITests.swift */ = {isa = PBXFileReference; lastKnownFileType = sourcecode.swift; path = SignupFlowUITests.swift; sourceTree = "<group>"; };
		D50AE6512783040E00EFDA30 /* Info.plist */ = {isa = PBXFileReference; lastKnownFileType = text.plist.xml; path = Info.plist; sourceTree = "<group>"; };
		D50AE65D278304B600EFDA30 /* SignupFormModelValidatorTests.swift */ = {isa = PBXFileReference; lastKnownFileType = sourcecode.swift; path = SignupFormModelValidatorTests.swift; sourceTree = "<group>"; };
		D50AE65F2783062A00EFDA30 /* SignupFormModelValidator.swift */ = {isa = PBXFileReference; lastKnownFileType = sourcecode.swift; path = SignupFormModelValidator.swift; sourceTree = "<group>"; };
		D50AE6792784314000EFDA30 /* SignupConstants.swift */ = {isa = PBXFileReference; lastKnownFileType = sourcecode.swift; path = SignupConstants.swift; sourceTree = "<group>"; };
		D56C89ED27D88C29003D7241 /* SignupViewControllerTests.swift */ = {isa = PBXFileReference; lastKnownFileType = sourcecode.swift; path = SignupViewControllerTests.swift; sourceTree = "<group>"; };
		D56C89F127D88DB5003D7241 /* SignupViewController.swift */ = {isa = PBXFileReference; lastKnownFileType = sourcecode.swift; path = SignupViewController.swift; sourceTree = "<group>"; };
		D56C89F327D89BF5003D7241 /* MockSignupPresenter.swift */ = {isa = PBXFileReference; lastKnownFileType = sourcecode.swift; path = MockSignupPresenter.swift; sourceTree = "<group>"; };
		D56C89F527D89C6F003D7241 /* SignupPresenterProtocol.swift */ = {isa = PBXFileReference; lastKnownFileType = sourcecode.swift; path = SignupPresenterProtocol.swift; sourceTree = "<group>"; };
		D57EE3282799B7E900D086B5 /* SignupPresenterTests.swift */ = {isa = PBXFileReference; lastKnownFileType = sourcecode.swift; path = SignupPresenterTests.swift; sourceTree = "<group>"; };
		D57EE32A2799B8B600D086B5 /* SignupFormModel.swift */ = {isa = PBXFileReference; lastKnownFileType = sourcecode.swift; path = SignupFormModel.swift; sourceTree = "<group>"; };
		D57EE32C2799B9C300D086B5 /* SignupPresenter.swift */ = {isa = PBXFileReference; lastKnownFileType = sourcecode.swift; path = SignupPresenter.swift; sourceTree = "<group>"; };
		D57EE32E2799BB3F00D086B5 /* MockSignupModelValidator.swift */ = {isa = PBXFileReference; lastKnownFileType = sourcecode.swift; path = MockSignupModelValidator.swift; sourceTree = "<group>"; };
		D57EE3302799BCE500D086B5 /* SignupModelValidatorProtocol.swift */ = {isa = PBXFileReference; lastKnownFileType = sourcecode.swift; path = SignupModelValidatorProtocol.swift; sourceTree = "<group>"; };
		D58F8170278C180200646633 /* SignupWebServiceTests.swift */ = {isa = PBXFileReference; lastKnownFileType = sourcecode.swift; path = SignupWebServiceTests.swift; sourceTree = "<group>"; };
		D58F8172278C18B200646633 /* SignupWebService.swift */ = {isa = PBXFileReference; lastKnownFileType = sourcecode.swift; path = SignupWebService.swift; sourceTree = "<group>"; };
		D58F8174278C19BC00646633 /* SignupFormRequestModel.swift */ = {isa = PBXFileReference; lastKnownFileType = sourcecode.swift; path = SignupFormRequestModel.swift; sourceTree = "<group>"; };
		D58F8176278C1B5F00646633 /* SignupResponseModel.swift */ = {isa = PBXFileReference; lastKnownFileType = sourcecode.swift; path = SignupResponseModel.swift; sourceTree = "<group>"; };
		D58F8178278C1C0200646633 /* SignupError.swift */ = {isa = PBXFileReference; lastKnownFileType = sourcecode.swift; path = SignupError.swift; sourceTree = "<group>"; };
		D58F8181278C2C8300646633 /* MockURLProtocol.swift */ = {isa = PBXFileReference; lastKnownFileType = sourcecode.swift; path = MockURLProtocol.swift; sourceTree = "<group>"; };
		D59DBA0D27A01A610001D775 /* MockSignupWebService.swift */ = {isa = PBXFileReference; lastKnownFileType = sourcecode.swift; path = MockSignupWebService.swift; sourceTree = "<group>"; };
		D59DBA0F27A01C290001D775 /* SignupWebServiceProtocol.swift */ = {isa = PBXFileReference; lastKnownFileType = sourcecode.swift; path = SignupWebServiceProtocol.swift; sourceTree = "<group>"; };
		D59DBA1127A023E70001D775 /* MockSignupViewDelegate.swift */ = {isa = PBXFileReference; lastKnownFileType = sourcecode.swift; path = MockSignupViewDelegate.swift; sourceTree = "<group>"; };
		D59DBA1327A0249B0001D775 /* SignupViewDelegateProtocol.swift */ = {isa = PBXFileReference; lastKnownFileType = sourcecode.swift; path = SignupViewDelegateProtocol.swift; sourceTree = "<group>"; };
		D5AD0AA227DF2553008146A8 /* ViewController.swift */ = {isa = PBXFileReference; lastKnownFileType = sourcecode.swift; path = ViewController.swift; sourceTree = "<group>"; };
		D5AD0AA427DF2570008146A8 /* ViewController.storyboard */ = {isa = PBXFileReference; lastKnownFileType = file.storyboard; path = ViewController.storyboard; sourceTree = "<group>"; };
		D5AD0AA827DF25CE008146A8 /* LoadingViewControllerInUnitTestTests.swift */ = {isa = PBXFileReference; lastKnownFileType = sourcecode.swift; path = LoadingViewControllerInUnitTestTests.swift; sourceTree = "<group>"; };
		D5AD0AAA27DF2777008146A8 /* LoadingViewControllerWithXIBTests.swift */ = {isa = PBXFileReference; lastKnownFileType = sourcecode.swift; path = LoadingViewControllerWithXIBTests.swift; sourceTree = "<group>"; };
		D5AD0AAC27DF27A1008146A8 /* XIBBasedViewController.swift */ = {isa = PBXFileReference; lastKnownFileType = sourcecode.swift; path = XIBBasedViewController.swift; sourceTree = "<group>"; };
		D5AD0AAD27DF27A1008146A8 /* XIBBasedViewController.xib */ = {isa = PBXFileReference; lastKnownFileType = file.xib; path = XIBBasedViewController.xib; sourceTree = "<group>"; };
		D5AD0AB027DF284A008146A8 /* HomePageViewController.swift */ = {isa = PBXFileReference; lastKnownFileType = sourcecode.swift; path = HomePageViewController.swift; sourceTree = "<group>"; };
		D5AD0AB227DF289C008146A8 /* HomePageViewControllerTests.swift */ = {isa = PBXFileReference; lastKnownFileType = sourcecode.swift; path = HomePageViewControllerTests.swift; sourceTree = "<group>"; };
		D5AD0AB527DF2AC7008146A8 /* FormModel.swift */ = {isa = PBXFileReference; lastKnownFileType = sourcecode.swift; path = FormModel.swift; sourceTree = "<group>"; };
		D5AD0AB727DF2AF9008146A8 /* FormModelValidator.swift */ = {isa = PBXFileReference; lastKnownFileType = sourcecode.swift; path = FormModelValidator.swift; sourceTree = "<group>"; };
		D5AD0AB927DF2BB0008146A8 /* FormError.swift */ = {isa = PBXFileReference; lastKnownFileType = sourcecode.swift; path = FormError.swift; sourceTree = "<group>"; };
		D5AD0ABC27DF2C2F008146A8 /* FormValidatorTests.swift */ = {isa = PBXFileReference; lastKnownFileType = sourcecode.swift; path = FormValidatorTests.swift; sourceTree = "<group>"; };
/* End PBXFileReference section */

/* Begin PBXFrameworksBuildPhase section */
		D50AE6272783040A00EFDA30 /* Frameworks */ = {
			isa = PBXFrameworksBuildPhase;
			buildActionMask = 2147483647;
			files = (
			);
			runOnlyForDeploymentPostprocessing = 0;
		};
		D50AE63D2783040E00EFDA30 /* Frameworks */ = {
			isa = PBXFrameworksBuildPhase;
			buildActionMask = 2147483647;
			files = (
			);
			runOnlyForDeploymentPostprocessing = 0;
		};
		D50AE6482783040E00EFDA30 /* Frameworks */ = {
			isa = PBXFrameworksBuildPhase;
			buildActionMask = 2147483647;
			files = (
			);
			runOnlyForDeploymentPostprocessing = 0;
		};
/* End PBXFrameworksBuildPhase section */

/* Begin PBXGroup section */
		9F86849C2821A20A003CB545 /* TestingUITextFieldProperties */ = {
			isa = PBXGroup;
			children = (
				9F86849D2821A2B2003CB545 /* TextFieldViewController.storyboard */,
				9F8684A12821A613003CB545 /* TextFieldViewController.swift */,
			);
			path = TestingUITextFieldProperties;
			sourceTree = "<group>";
		};
		9F8684A32821A905003CB545 /* TestingUITextFieldProperties */ = {
			isa = PBXGroup;
			children = (
				9F8684A42821A94C003CB545 /* TestingUITextFieldPropertiesTests.swift */,
			);
			path = TestingUITextFieldProperties;
			sourceTree = "<group>";
		};
		D50AE6212783040A00EFDA30 = {
			isa = PBXGroup;
			children = (
				D50AE62C2783040A00EFDA30 /* PhotoApp */,
				D50AE6432783040E00EFDA30 /* PhotoAppTests */,
				D50AE64E2783040E00EFDA30 /* PhotoAppUITests */,
				D50AE62B2783040A00EFDA30 /* Products */,
			);
			sourceTree = "<group>";
		};
		D50AE62B2783040A00EFDA30 /* Products */ = {
			isa = PBXGroup;
			children = (
				D50AE62A2783040A00EFDA30 /* PhotoApp.app */,
				D50AE6402783040E00EFDA30 /* PhotoAppTests.xctest */,
				D50AE64B2783040E00EFDA30 /* PhotoAppUITests.xctest */,
			);
			name = Products;
			sourceTree = "<group>";
		};
		D50AE62C2783040A00EFDA30 /* PhotoApp */ = {
			isa = PBXGroup;
			children = (
				D58F817A278C1C7A00646633 /* Signup */,
				D5AD0AA127DF2525008146A8 /* LoadingViewControllerInUnitTests */,
				D5AD0AB427DF2A93008146A8 /* XCTAssertThrow */,
				9F86849C2821A20A003CB545 /* TestingUITextFieldProperties */,
				D50AE62D2783040A00EFDA30 /* AppDelegate.swift */,
				D50AE62F2783040A00EFDA30 /* SceneDelegate.swift */,
				D50AE6362783040D00EFDA30 /* Assets.xcassets */,
				D50AE6382783040D00EFDA30 /* LaunchScreen.storyboard */,
				D50AE63B2783040D00EFDA30 /* Info.plist */,
			);
			path = PhotoApp;
			sourceTree = "<group>";
		};
		D50AE6432783040E00EFDA30 /* PhotoAppTests */ = {
			isa = PBXGroup;
			children = (
				D58F817E278C1D1900646633 /* Signup */,
				D5AD0AA627DF2596008146A8 /* LoadingViewControllerInUnitTests */,
				D5AD0ABB27DF2C05008146A8 /* XCTAssertThrow */,
				9F8684A32821A905003CB545 /* TestingUITextFieldProperties */,
				D50AE6442783040E00EFDA30 /* PhotoAppTests.swift */,
				D50AE6462783040E00EFDA30 /* Info.plist */,
			);
			path = PhotoAppTests;
			sourceTree = "<group>";
		};
		D50AE64E2783040E00EFDA30 /* PhotoAppUITests */ = {
			isa = PBXGroup;
			children = (
				D50AE64F2783040E00EFDA30 /* SignupFlowUITests.swift */,
				D50AE6512783040E00EFDA30 /* Info.plist */,
				9F2F745E282C0F5900969673 /* LoginFlowUITests.swift */,
			);
			path = PhotoAppUITests;
			sourceTree = "<group>";
		};
		D56C89EC27D88BF3003D7241 /* Controllers */ = {
			isa = PBXGroup;
			children = (
				D56C89ED27D88C29003D7241 /* SignupViewControllerTests.swift */,
			);
			path = Controllers;
			sourceTree = "<group>";
		};
		D58F817A278C1C7A00646633 /* Signup */ = {
			isa = PBXGroup;
			children = (
				D50AE6332783040A00EFDA30 /* Main.storyboard */,
				D59DBA0A27A0184C0001D775 /* Protocols */,
				D59DBA0927A0181A0001D775 /* Presenters */,
				D58F817D278C1CFC00646633 /* Network */,
				D58F817C278C1CCB00646633 /* Controllers */,
				D58F817B278C1C8C00646633 /* Models */,
			);
			path = Signup;
			sourceTree = "<group>";
		};
		D58F817B278C1C8C00646633 /* Models */ = {
			isa = PBXGroup;
			children = (
				D50AE6792784314000EFDA30 /* SignupConstants.swift */,
				D50AE65F2783062A00EFDA30 /* SignupFormModelValidator.swift */,
				D58F8174278C19BC00646633 /* SignupFormRequestModel.swift */,
				D58F8176278C1B5F00646633 /* SignupResponseModel.swift */,
				D58F8178278C1C0200646633 /* SignupError.swift */,
				D57EE32A2799B8B600D086B5 /* SignupFormModel.swift */,
			);
			path = Models;
			sourceTree = "<group>";
		};
		D58F817C278C1CCB00646633 /* Controllers */ = {
			isa = PBXGroup;
			children = (
				D56C89F127D88DB5003D7241 /* SignupViewController.swift */,
			);
			path = Controllers;
			sourceTree = "<group>";
		};
		D58F817D278C1CFC00646633 /* Network */ = {
			isa = PBXGroup;
			children = (
				D58F8172278C18B200646633 /* SignupWebService.swift */,
			);
			path = Network;
			sourceTree = "<group>";
		};
		D58F817E278C1D1900646633 /* Signup */ = {
			isa = PBXGroup;
			children = (
				D56C89EC27D88BF3003D7241 /* Controllers */,
				D59DBA0C27A0186E0001D775 /* Mocks */,
				D59DBA0B27A0185F0001D775 /* Presenters */,
				D58F8180278C1D2500646633 /* Network */,
				D58F817F278C1D1F00646633 /* Models */,
			);
			path = Signup;
			sourceTree = "<group>";
		};
		D58F817F278C1D1F00646633 /* Models */ = {
			isa = PBXGroup;
			children = (
				D50AE65D278304B600EFDA30 /* SignupFormModelValidatorTests.swift */,
			);
			path = Models;
			sourceTree = "<group>";
		};
		D58F8180278C1D2500646633 /* Network */ = {
			isa = PBXGroup;
			children = (
				D58F8170278C180200646633 /* SignupWebServiceTests.swift */,
			);
			path = Network;
			sourceTree = "<group>";
		};
		D59DBA0927A0181A0001D775 /* Presenters */ = {
			isa = PBXGroup;
			children = (
				D57EE32C2799B9C300D086B5 /* SignupPresenter.swift */,
			);
			path = Presenters;
			sourceTree = "<group>";
		};
		D59DBA0A27A0184C0001D775 /* Protocols */ = {
			isa = PBXGroup;
			children = (
				D57EE3302799BCE500D086B5 /* SignupModelValidatorProtocol.swift */,
				D59DBA0F27A01C290001D775 /* SignupWebServiceProtocol.swift */,
				D59DBA1327A0249B0001D775 /* SignupViewDelegateProtocol.swift */,
				D56C89F527D89C6F003D7241 /* SignupPresenterProtocol.swift */,
			);
			path = Protocols;
			sourceTree = "<group>";
		};
		D59DBA0B27A0185F0001D775 /* Presenters */ = {
			isa = PBXGroup;
			children = (
				D57EE3282799B7E900D086B5 /* SignupPresenterTests.swift */,
			);
			path = Presenters;
			sourceTree = "<group>";
		};
		D59DBA0C27A0186E0001D775 /* Mocks */ = {
			isa = PBXGroup;
			children = (
				D58F8181278C2C8300646633 /* MockURLProtocol.swift */,
				D57EE32E2799BB3F00D086B5 /* MockSignupModelValidator.swift */,
				D59DBA0D27A01A610001D775 /* MockSignupWebService.swift */,
				D59DBA1127A023E70001D775 /* MockSignupViewDelegate.swift */,
				D56C89F327D89BF5003D7241 /* MockSignupPresenter.swift */,
			);
			path = Mocks;
			sourceTree = "<group>";
		};
		D5AD0AA127DF2525008146A8 /* LoadingViewControllerInUnitTests */ = {
			isa = PBXGroup;
			children = (
				D5AD0AA227DF2553008146A8 /* ViewController.swift */,
				D5AD0AA427DF2570008146A8 /* ViewController.storyboard */,
				D5AD0AAC27DF27A1008146A8 /* XIBBasedViewController.swift */,
				D5AD0AAD27DF27A1008146A8 /* XIBBasedViewController.xib */,
				D5AD0AB027DF284A008146A8 /* HomePageViewController.swift */,
			);
			path = LoadingViewControllerInUnitTests;
			sourceTree = "<group>";
		};
		D5AD0AA627DF2596008146A8 /* LoadingViewControllerInUnitTests */ = {
			isa = PBXGroup;
			children = (
				D5AD0AA827DF25CE008146A8 /* LoadingViewControllerInUnitTestTests.swift */,
				D5AD0AAA27DF2777008146A8 /* LoadingViewControllerWithXIBTests.swift */,
				D5AD0AB227DF289C008146A8 /* HomePageViewControllerTests.swift */,
			);
			path = LoadingViewControllerInUnitTests;
			sourceTree = "<group>";
		};
		D5AD0AB427DF2A93008146A8 /* XCTAssertThrow */ = {
			isa = PBXGroup;
			children = (
				D5AD0AB527DF2AC7008146A8 /* FormModel.swift */,
				D5AD0AB727DF2AF9008146A8 /* FormModelValidator.swift */,
				D5AD0AB927DF2BB0008146A8 /* FormError.swift */,
			);
			path = XCTAssertThrow;
			sourceTree = "<group>";
		};
		D5AD0ABB27DF2C05008146A8 /* XCTAssertThrow */ = {
			isa = PBXGroup;
			children = (
				D5AD0ABC27DF2C2F008146A8 /* FormValidatorTests.swift */,
			);
			path = XCTAssertThrow;
			sourceTree = "<group>";
		};
/* End PBXGroup section */

/* Begin PBXNativeTarget section */
		D50AE6292783040A00EFDA30 /* PhotoApp */ = {
			isa = PBXNativeTarget;
			buildConfigurationList = D50AE6542783040E00EFDA30 /* Build configuration list for PBXNativeTarget "PhotoApp" */;
			buildPhases = (
				D50AE6262783040A00EFDA30 /* Sources */,
				D50AE6272783040A00EFDA30 /* Frameworks */,
				D50AE6282783040A00EFDA30 /* Resources */,
			);
			buildRules = (
			);
			dependencies = (
			);
			name = PhotoApp;
			productName = PhotoApp;
			productReference = D50AE62A2783040A00EFDA30 /* PhotoApp.app */;
			productType = "com.apple.product-type.application";
		};
		D50AE63F2783040E00EFDA30 /* PhotoAppTests */ = {
			isa = PBXNativeTarget;
			buildConfigurationList = D50AE6572783040E00EFDA30 /* Build configuration list for PBXNativeTarget "PhotoAppTests" */;
			buildPhases = (
				D50AE63C2783040E00EFDA30 /* Sources */,
				D50AE63D2783040E00EFDA30 /* Frameworks */,
				D50AE63E2783040E00EFDA30 /* Resources */,
			);
			buildRules = (
			);
			dependencies = (
				D50AE6422783040E00EFDA30 /* PBXTargetDependency */,
			);
			name = PhotoAppTests;
			productName = PhotoAppTests;
			productReference = D50AE6402783040E00EFDA30 /* PhotoAppTests.xctest */;
			productType = "com.apple.product-type.bundle.unit-test";
		};
		D50AE64A2783040E00EFDA30 /* PhotoAppUITests */ = {
			isa = PBXNativeTarget;
			buildConfigurationList = D50AE65A2783040E00EFDA30 /* Build configuration list for PBXNativeTarget "PhotoAppUITests" */;
			buildPhases = (
				D50AE6472783040E00EFDA30 /* Sources */,
				D50AE6482783040E00EFDA30 /* Frameworks */,
				D50AE6492783040E00EFDA30 /* Resources */,
			);
			buildRules = (
			);
			dependencies = (
				D50AE64D2783040E00EFDA30 /* PBXTargetDependency */,
			);
			name = PhotoAppUITests;
			productName = PhotoAppUITests;
			productReference = D50AE64B2783040E00EFDA30 /* PhotoAppUITests.xctest */;
			productType = "com.apple.product-type.bundle.ui-testing";
		};
/* End PBXNativeTarget section */

/* Begin PBXProject section */
		D50AE6222783040A00EFDA30 /* Project object */ = {
			isa = PBXProject;
			attributes = {
				LastSwiftUpdateCheck = 1250;
				LastUpgradeCheck = 1250;
				TargetAttributes = {
					D50AE6292783040A00EFDA30 = {
						CreatedOnToolsVersion = 12.5.1;
					};
					D50AE63F2783040E00EFDA30 = {
						CreatedOnToolsVersion = 12.5.1;
						TestTargetID = D50AE6292783040A00EFDA30;
					};
					D50AE64A2783040E00EFDA30 = {
						CreatedOnToolsVersion = 12.5.1;
						TestTargetID = D50AE6292783040A00EFDA30;
					};
				};
			};
			buildConfigurationList = D50AE6252783040A00EFDA30 /* Build configuration list for PBXProject "PhotoApp" */;
			compatibilityVersion = "Xcode 9.3";
			developmentRegion = en;
			hasScannedForEncodings = 0;
			knownRegions = (
				en,
				Base,
			);
			mainGroup = D50AE6212783040A00EFDA30;
			productRefGroup = D50AE62B2783040A00EFDA30 /* Products */;
			projectDirPath = "";
			projectRoot = "";
			targets = (
				D50AE6292783040A00EFDA30 /* PhotoApp */,
				D50AE63F2783040E00EFDA30 /* PhotoAppTests */,
				D50AE64A2783040E00EFDA30 /* PhotoAppUITests */,
			);
		};
/* End PBXProject section */

/* Begin PBXResourcesBuildPhase section */
		D50AE6282783040A00EFDA30 /* Resources */ = {
			isa = PBXResourcesBuildPhase;
			buildActionMask = 2147483647;
			files = (
				D50AE63A2783040D00EFDA30 /* LaunchScreen.storyboard in Resources */,
				D5AD0AAF27DF27A1008146A8 /* XIBBasedViewController.xib in Resources */,
				D50AE6372783040D00EFDA30 /* Assets.xcassets in Resources */,
				9F86849E2821A2B2003CB545 /* TextFieldViewController.storyboard in Resources */,
				D50AE6352783040A00EFDA30 /* Main.storyboard in Resources */,
				D5AD0AA527DF2570008146A8 /* ViewController.storyboard in Resources */,
			);
			runOnlyForDeploymentPostprocessing = 0;
		};
		D50AE63E2783040E00EFDA30 /* Resources */ = {
			isa = PBXResourcesBuildPhase;
			buildActionMask = 2147483647;
			files = (
			);
			runOnlyForDeploymentPostprocessing = 0;
		};
		D50AE6492783040E00EFDA30 /* Resources */ = {
			isa = PBXResourcesBuildPhase;
			buildActionMask = 2147483647;
			files = (
			);
			runOnlyForDeploymentPostprocessing = 0;
		};
/* End PBXResourcesBuildPhase section */

/* Begin PBXSourcesBuildPhase section */
		D50AE6262783040A00EFDA30 /* Sources */ = {
			isa = PBXSourcesBuildPhase;
			buildActionMask = 2147483647;
			files = (
				D56C89F627D89C6F003D7241 /* SignupPresenterProtocol.swift in Sources */,
				D57EE32D2799B9C300D086B5 /* SignupPresenter.swift in Sources */,
				D5AD0AB127DF284A008146A8 /* HomePageViewController.swift in Sources */,
				D5AD0AB627DF2AC7008146A8 /* FormModel.swift in Sources */,
				D5AD0ABA27DF2BB0008146A8 /* FormError.swift in Sources */,
				D50AE62E2783040A00EFDA30 /* AppDelegate.swift in Sources */,
				D57EE32B2799B8B600D086B5 /* SignupFormModel.swift in Sources */,
				D58F8177278C1B5F00646633 /* SignupResponseModel.swift in Sources */,
				D50AE6602783062A00EFDA30 /* SignupFormModelValidator.swift in Sources */,
				D59DBA1427A0249B0001D775 /* SignupViewDelegateProtocol.swift in Sources */,
				D58F8179278C1C0200646633 /* SignupError.swift in Sources */,
				D5AD0AB827DF2AF9008146A8 /* FormModelValidator.swift in Sources */,
				D50AE67A2784314000EFDA30 /* SignupConstants.swift in Sources */,
				D5AD0AAE27DF27A1008146A8 /* XIBBasedViewController.swift in Sources */,
				D56C89F227D88DB5003D7241 /* SignupViewController.swift in Sources */,
				D57EE3312799BCE500D086B5 /* SignupModelValidatorProtocol.swift in Sources */,
				D58F8175278C19BC00646633 /* SignupFormRequestModel.swift in Sources */,
				D59DBA1027A01C290001D775 /* SignupWebServiceProtocol.swift in Sources */,
				9F8684A22821A613003CB545 /* TextFieldViewController.swift in Sources */,
				D58F8173278C18B200646633 /* SignupWebService.swift in Sources */,
				D5AD0AA327DF2553008146A8 /* ViewController.swift in Sources */,
				D50AE6302783040A00EFDA30 /* SceneDelegate.swift in Sources */,
			);
			runOnlyForDeploymentPostprocessing = 0;
		};
		D50AE63C2783040E00EFDA30 /* Sources */ = {
			isa = PBXSourcesBuildPhase;
			buildActionMask = 2147483647;
			files = (
				D58F8171278C180200646633 /* SignupWebServiceTests.swift in Sources */,
				D5AD0AB327DF289C008146A8 /* HomePageViewControllerTests.swift in Sources */,
				D59DBA0E27A01A610001D775 /* MockSignupWebService.swift in Sources */,
				D50AE65E278304B600EFDA30 /* SignupFormModelValidatorTests.swift in Sources */,
				D57EE32F2799BB3F00D086B5 /* MockSignupModelValidator.swift in Sources */,
				9F8684A52821A94C003CB545 /* TestingUITextFieldPropertiesTests.swift in Sources */,
				D50AE6452783040E00EFDA30 /* PhotoAppTests.swift in Sources */,
				D5AD0AAB27DF2777008146A8 /* LoadingViewControllerWithXIBTests.swift in Sources */,
				D56C89EE27D88C29003D7241 /* SignupViewControllerTests.swift in Sources */,
				D5AD0ABD27DF2C2F008146A8 /* FormValidatorTests.swift in Sources */,
				D56C89F427D89BF5003D7241 /* MockSignupPresenter.swift in Sources */,
				D59DBA1227A023E70001D775 /* MockSignupViewDelegate.swift in Sources */,
				D57EE3292799B7E900D086B5 /* SignupPresenterTests.swift in Sources */,
				D5AD0AA927DF25CE008146A8 /* LoadingViewControllerInUnitTestTests.swift in Sources */,
				D58F8182278C2C8300646633 /* MockURLProtocol.swift in Sources */,
			);
			runOnlyForDeploymentPostprocessing = 0;
		};
		D50AE6472783040E00EFDA30 /* Sources */ = {
			isa = PBXSourcesBuildPhase;
			buildActionMask = 2147483647;
			files = (
				D50AE6502783040E00EFDA30 /* SignupFlowUITests.swift in Sources */,
				9F2F745F282C0F5900969673 /* LoginFlowUITests.swift in Sources */,
			);
			runOnlyForDeploymentPostprocessing = 0;
		};
/* End PBXSourcesBuildPhase section */

/* Begin PBXTargetDependency section */
		D50AE6422783040E00EFDA30 /* PBXTargetDependency */ = {
			isa = PBXTargetDependency;
			target = D50AE6292783040A00EFDA30 /* PhotoApp */;
			targetProxy = D50AE6412783040E00EFDA30 /* PBXContainerItemProxy */;
		};
		D50AE64D2783040E00EFDA30 /* PBXTargetDependency */ = {
			isa = PBXTargetDependency;
			target = D50AE6292783040A00EFDA30 /* PhotoApp */;
			targetProxy = D50AE64C2783040E00EFDA30 /* PBXContainerItemProxy */;
		};
/* End PBXTargetDependency section */

/* Begin PBXVariantGroup section */
		D50AE6332783040A00EFDA30 /* Main.storyboard */ = {
			isa = PBXVariantGroup;
			children = (
				D50AE6342783040A00EFDA30 /* Base */,
			);
			name = Main.storyboard;
			sourceTree = "<group>";
		};
		D50AE6382783040D00EFDA30 /* LaunchScreen.storyboard */ = {
			isa = PBXVariantGroup;
			children = (
				D50AE6392783040D00EFDA30 /* Base */,
			);
			name = LaunchScreen.storyboard;
			sourceTree = "<group>";
		};
/* End PBXVariantGroup section */

/* Begin XCBuildConfiguration section */
		D50AE6522783040E00EFDA30 /* Debug */ = {
			isa = XCBuildConfiguration;
			buildSettings = {
				ALWAYS_SEARCH_USER_PATHS = NO;
				CLANG_ANALYZER_NONNULL = YES;
				CLANG_ANALYZER_NUMBER_OBJECT_CONVERSION = YES_AGGRESSIVE;
				CLANG_CXX_LANGUAGE_STANDARD = "gnu++14";
				CLANG_CXX_LIBRARY = "libc++";
				CLANG_ENABLE_MODULES = YES;
				CLANG_ENABLE_OBJC_ARC = YES;
				CLANG_ENABLE_OBJC_WEAK = YES;
				CLANG_WARN_BLOCK_CAPTURE_AUTORELEASING = YES;
				CLANG_WARN_BOOL_CONVERSION = YES;
				CLANG_WARN_COMMA = YES;
				CLANG_WARN_CONSTANT_CONVERSION = YES;
				CLANG_WARN_DEPRECATED_OBJC_IMPLEMENTATIONS = YES;
				CLANG_WARN_DIRECT_OBJC_ISA_USAGE = YES_ERROR;
				CLANG_WARN_DOCUMENTATION_COMMENTS = YES;
				CLANG_WARN_EMPTY_BODY = YES;
				CLANG_WARN_ENUM_CONVERSION = YES;
				CLANG_WARN_INFINITE_RECURSION = YES;
				CLANG_WARN_INT_CONVERSION = YES;
				CLANG_WARN_NON_LITERAL_NULL_CONVERSION = YES;
				CLANG_WARN_OBJC_IMPLICIT_RETAIN_SELF = YES;
				CLANG_WARN_OBJC_LITERAL_CONVERSION = YES;
				CLANG_WARN_OBJC_ROOT_CLASS = YES_ERROR;
				CLANG_WARN_QUOTED_INCLUDE_IN_FRAMEWORK_HEADER = YES;
				CLANG_WARN_RANGE_LOOP_ANALYSIS = YES;
				CLANG_WARN_STRICT_PROTOTYPES = YES;
				CLANG_WARN_SUSPICIOUS_MOVE = YES;
				CLANG_WARN_UNGUARDED_AVAILABILITY = YES_AGGRESSIVE;
				CLANG_WARN_UNREACHABLE_CODE = YES;
				CLANG_WARN__DUPLICATE_METHOD_MATCH = YES;
				COPY_PHASE_STRIP = NO;
				DEBUG_INFORMATION_FORMAT = dwarf;
				ENABLE_STRICT_OBJC_MSGSEND = YES;
				ENABLE_TESTABILITY = YES;
				GCC_C_LANGUAGE_STANDARD = gnu11;
				GCC_DYNAMIC_NO_PIC = NO;
				GCC_NO_COMMON_BLOCKS = YES;
				GCC_OPTIMIZATION_LEVEL = 0;
				GCC_PREPROCESSOR_DEFINITIONS = (
					"DEBUG=1",
					"$(inherited)",
				);
				GCC_WARN_64_TO_32_BIT_CONVERSION = YES;
				GCC_WARN_ABOUT_RETURN_TYPE = YES_ERROR;
				GCC_WARN_UNDECLARED_SELECTOR = YES;
				GCC_WARN_UNINITIALIZED_AUTOS = YES_AGGRESSIVE;
				GCC_WARN_UNUSED_FUNCTION = YES;
				GCC_WARN_UNUSED_VARIABLE = YES;
				IPHONEOS_DEPLOYMENT_TARGET = 14.5;
				MTL_ENABLE_DEBUG_INFO = INCLUDE_SOURCE;
				MTL_FAST_MATH = YES;
				ONLY_ACTIVE_ARCH = YES;
				SDKROOT = iphoneos;
				SWIFT_ACTIVE_COMPILATION_CONDITIONS = DEBUG;
				SWIFT_OPTIMIZATION_LEVEL = "-Onone";
			};
			name = Debug;
		};
		D50AE6532783040E00EFDA30 /* Release */ = {
			isa = XCBuildConfiguration;
			buildSettings = {
				ALWAYS_SEARCH_USER_PATHS = NO;
				CLANG_ANALYZER_NONNULL = YES;
				CLANG_ANALYZER_NUMBER_OBJECT_CONVERSION = YES_AGGRESSIVE;
				CLANG_CXX_LANGUAGE_STANDARD = "gnu++14";
				CLANG_CXX_LIBRARY = "libc++";
				CLANG_ENABLE_MODULES = YES;
				CLANG_ENABLE_OBJC_ARC = YES;
				CLANG_ENABLE_OBJC_WEAK = YES;
				CLANG_WARN_BLOCK_CAPTURE_AUTORELEASING = YES;
				CLANG_WARN_BOOL_CONVERSION = YES;
				CLANG_WARN_COMMA = YES;
				CLANG_WARN_CONSTANT_CONVERSION = YES;
				CLANG_WARN_DEPRECATED_OBJC_IMPLEMENTATIONS = YES;
				CLANG_WARN_DIRECT_OBJC_ISA_USAGE = YES_ERROR;
				CLANG_WARN_DOCUMENTATION_COMMENTS = YES;
				CLANG_WARN_EMPTY_BODY = YES;
				CLANG_WARN_ENUM_CONVERSION = YES;
				CLANG_WARN_INFINITE_RECURSION = YES;
				CLANG_WARN_INT_CONVERSION = YES;
				CLANG_WARN_NON_LITERAL_NULL_CONVERSION = YES;
				CLANG_WARN_OBJC_IMPLICIT_RETAIN_SELF = YES;
				CLANG_WARN_OBJC_LITERAL_CONVERSION = YES;
				CLANG_WARN_OBJC_ROOT_CLASS = YES_ERROR;
				CLANG_WARN_QUOTED_INCLUDE_IN_FRAMEWORK_HEADER = YES;
				CLANG_WARN_RANGE_LOOP_ANALYSIS = YES;
				CLANG_WARN_STRICT_PROTOTYPES = YES;
				CLANG_WARN_SUSPICIOUS_MOVE = YES;
				CLANG_WARN_UNGUARDED_AVAILABILITY = YES_AGGRESSIVE;
				CLANG_WARN_UNREACHABLE_CODE = YES;
				CLANG_WARN__DUPLICATE_METHOD_MATCH = YES;
				COPY_PHASE_STRIP = NO;
				DEBUG_INFORMATION_FORMAT = "dwarf-with-dsym";
				ENABLE_NS_ASSERTIONS = NO;
				ENABLE_STRICT_OBJC_MSGSEND = YES;
				GCC_C_LANGUAGE_STANDARD = gnu11;
				GCC_NO_COMMON_BLOCKS = YES;
				GCC_WARN_64_TO_32_BIT_CONVERSION = YES;
				GCC_WARN_ABOUT_RETURN_TYPE = YES_ERROR;
				GCC_WARN_UNDECLARED_SELECTOR = YES;
				GCC_WARN_UNINITIALIZED_AUTOS = YES_AGGRESSIVE;
				GCC_WARN_UNUSED_FUNCTION = YES;
				GCC_WARN_UNUSED_VARIABLE = YES;
				IPHONEOS_DEPLOYMENT_TARGET = 14.5;
				MTL_ENABLE_DEBUG_INFO = NO;
				MTL_FAST_MATH = YES;
				SDKROOT = iphoneos;
				SWIFT_COMPILATION_MODE = wholemodule;
				SWIFT_OPTIMIZATION_LEVEL = "-O";
				VALIDATE_PRODUCT = YES;
			};
			name = Release;
		};
		D50AE6552783040E00EFDA30 /* Debug */ = {
			isa = XCBuildConfiguration;
			buildSettings = {
				ASSETCATALOG_COMPILER_APPICON_NAME = AppIcon;
				ASSETCATALOG_COMPILER_GLOBAL_ACCENT_COLOR_NAME = AccentColor;
				CODE_SIGN_STYLE = Automatic;
				DEVELOPMENT_TEAM = 2SNP4C8GTH;
				INFOPLIST_FILE = PhotoApp/Info.plist;
				LD_RUNPATH_SEARCH_PATHS = (
					"$(inherited)",
					"@executable_path/Frameworks",
				);
				PRODUCT_BUNDLE_IDENTIFIER = com.serafinennes.PhotoApp;
				PRODUCT_NAME = "$(TARGET_NAME)";
				SWIFT_VERSION = 5.0;
				TARGETED_DEVICE_FAMILY = "1,2";
			};
			name = Debug;
		};
		D50AE6562783040E00EFDA30 /* Release */ = {
			isa = XCBuildConfiguration;
			buildSettings = {
				ASSETCATALOG_COMPILER_APPICON_NAME = AppIcon;
				ASSETCATALOG_COMPILER_GLOBAL_ACCENT_COLOR_NAME = AccentColor;
				CODE_SIGN_STYLE = Automatic;
				DEVELOPMENT_TEAM = 2SNP4C8GTH;
				INFOPLIST_FILE = PhotoApp/Info.plist;
				LD_RUNPATH_SEARCH_PATHS = (
					"$(inherited)",
					"@executable_path/Frameworks",
				);
				PRODUCT_BUNDLE_IDENTIFIER = com.serafinennes.PhotoApp;
				PRODUCT_NAME = "$(TARGET_NAME)";
				SWIFT_VERSION = 5.0;
				TARGETED_DEVICE_FAMILY = "1,2";
			};
			name = Release;
		};
		D50AE6582783040E00EFDA30 /* Debug */ = {
			isa = XCBuildConfiguration;
			buildSettings = {
				ALWAYS_EMBED_SWIFT_STANDARD_LIBRARIES = YES;
				BUNDLE_LOADER = "$(TEST_HOST)";
				CODE_SIGN_STYLE = Automatic;
				DEVELOPMENT_TEAM = 2SNP4C8GTH;
				INFOPLIST_FILE = PhotoAppTests/Info.plist;
				IPHONEOS_DEPLOYMENT_TARGET = 14.5;
				LD_RUNPATH_SEARCH_PATHS = (
					"$(inherited)",
					"@executable_path/Frameworks",
					"@loader_path/Frameworks",
				);
				PRODUCT_BUNDLE_IDENTIFIER = com.serafinennes.PhotoAppTests;
				PRODUCT_NAME = "$(TARGET_NAME)";
				SWIFT_VERSION = 5.0;
				TARGETED_DEVICE_FAMILY = "1,2";
				TEST_HOST = "$(BUILT_PRODUCTS_DIR)/PhotoApp.app/PhotoApp";
			};
			name = Debug;
		};
		D50AE6592783040E00EFDA30 /* Release */ = {
			isa = XCBuildConfiguration;
			buildSettings = {
				ALWAYS_EMBED_SWIFT_STANDARD_LIBRARIES = YES;
				BUNDLE_LOADER = "$(TEST_HOST)";
				CODE_SIGN_STYLE = Automatic;
				DEVELOPMENT_TEAM = 2SNP4C8GTH;
				INFOPLIST_FILE = PhotoAppTests/Info.plist;
				IPHONEOS_DEPLOYMENT_TARGET = 14.5;
				LD_RUNPATH_SEARCH_PATHS = (
					"$(inherited)",
					"@executable_path/Frameworks",
					"@loader_path/Frameworks",
				);
				PRODUCT_BUNDLE_IDENTIFIER = com.serafinennes.PhotoAppTests;
				PRODUCT_NAME = "$(TARGET_NAME)";
				SWIFT_VERSION = 5.0;
				TARGETED_DEVICE_FAMILY = "1,2";
				TEST_HOST = "$(BUILT_PRODUCTS_DIR)/PhotoApp.app/PhotoApp";
			};
			name = Release;
		};
		D50AE65B2783040E00EFDA30 /* Debug */ = {
			isa = XCBuildConfiguration;
			buildSettings = {
				ALWAYS_EMBED_SWIFT_STANDARD_LIBRARIES = YES;
				CODE_SIGN_STYLE = Automatic;
				DEVELOPMENT_TEAM = 2SNP4C8GTH;
				INFOPLIST_FILE = PhotoAppUITests/Info.plist;
				LD_RUNPATH_SEARCH_PATHS = (
					"$(inherited)",
					"@executable_path/Frameworks",
					"@loader_path/Frameworks",
				);
				PRODUCT_BUNDLE_IDENTIFIER = com.serafinennes.PhotoAppUITests;
				PRODUCT_NAME = "$(TARGET_NAME)";
				SWIFT_VERSION = 5.0;
				TARGETED_DEVICE_FAMILY = "1,2";
				TEST_TARGET_NAME = PhotoApp;
			};
			name = Debug;
		};
		D50AE65C2783040E00EFDA30 /* Release */ = {
			isa = XCBuildConfiguration;
			buildSettings = {
				ALWAYS_EMBED_SWIFT_STANDARD_LIBRARIES = YES;
				CODE_SIGN_STYLE = Automatic;
				DEVELOPMENT_TEAM = 2SNP4C8GTH;
				INFOPLIST_FILE = PhotoAppUITests/Info.plist;
				LD_RUNPATH_SEARCH_PATHS = (
					"$(inherited)",
					"@executable_path/Frameworks",
					"@loader_path/Frameworks",
				);
				PRODUCT_BUNDLE_IDENTIFIER = com.serafinennes.PhotoAppUITests;
				PRODUCT_NAME = "$(TARGET_NAME)";
				SWIFT_VERSION = 5.0;
				TARGETED_DEVICE_FAMILY = "1,2";
				TEST_TARGET_NAME = PhotoApp;
			};
			name = Release;
		};
/* End XCBuildConfiguration section */

/* Begin XCConfigurationList section */
		D50AE6252783040A00EFDA30 /* Build configuration list for PBXProject "PhotoApp" */ = {
			isa = XCConfigurationList;
			buildConfigurations = (
				D50AE6522783040E00EFDA30 /* Debug */,
				D50AE6532783040E00EFDA30 /* Release */,
			);
			defaultConfigurationIsVisible = 0;
			defaultConfigurationName = Release;
		};
		D50AE6542783040E00EFDA30 /* Build configuration list for PBXNativeTarget "PhotoApp" */ = {
			isa = XCConfigurationList;
			buildConfigurations = (
				D50AE6552783040E00EFDA30 /* Debug */,
				D50AE6562783040E00EFDA30 /* Release */,
			);
			defaultConfigurationIsVisible = 0;
			defaultConfigurationName = Release;
		};
		D50AE6572783040E00EFDA30 /* Build configuration list for PBXNativeTarget "PhotoAppTests" */ = {
			isa = XCConfigurationList;
			buildConfigurations = (
				D50AE6582783040E00EFDA30 /* Debug */,
				D50AE6592783040E00EFDA30 /* Release */,
			);
			defaultConfigurationIsVisible = 0;
			defaultConfigurationName = Release;
		};
		D50AE65A2783040E00EFDA30 /* Build configuration list for PBXNativeTarget "PhotoAppUITests" */ = {
			isa = XCConfigurationList;
			buildConfigurations = (
				D50AE65B2783040E00EFDA30 /* Debug */,
				D50AE65C2783040E00EFDA30 /* Release */,
			);
			defaultConfigurationIsVisible = 0;
			defaultConfigurationName = Release;
		};
/* End XCConfigurationList section */
	};
	rootObject = D50AE6222783040A00EFDA30 /* Project object */;
}
