// !$*UTF8*$!
{
	archiveVersion = 1;
	classes = {
	};
	objectVersion = 50;
	objects = {

/* Begin PBXBuildFile section */
		D50AE62E2783040A00EFDA30 /* AppDelegate.swift in Sources */ = {isa = PBXBuildFile; fileRef = D50AE62D2783040A00EFDA30 /* AppDelegate.swift */; };
		D50AE6302783040A00EFDA30 /* SceneDelegate.swift in Sources */ = {isa = PBXBuildFile; fileRef = D50AE62F2783040A00EFDA30 /* SceneDelegate.swift */; };
		D50AE6322783040A00EFDA30 /* ViewController.swift in Sources */ = {isa = PBXBuildFile; fileRef = D50AE6312783040A00EFDA30 /* ViewController.swift */; };
		D50AE6352783040A00EFDA30 /* Main.storyboard in Resources */ = {isa = PBXBuildFile; fileRef = D50AE6332783040A00EFDA30 /* Main.storyboard */; };
		D50AE6372783040D00EFDA30 /* Assets.xcassets in Resources */ = {isa = PBXBuildFile; fileRef = D50AE6362783040D00EFDA30 /* Assets.xcassets */; };
		D50AE63A2783040D00EFDA30 /* LaunchScreen.storyboard in Resources */ = {isa = PBXBuildFile; fileRef = D50AE6382783040D00EFDA30 /* LaunchScreen.storyboard */; };
		D50AE6452783040E00EFDA30 /* PhotoAppTests.swift in Sources */ = {isa = PBXBuildFile; fileRef = D50AE6442783040E00EFDA30 /* PhotoAppTests.swift */; };
		D50AE6502783040E00EFDA30 /* PhotoAppUITests.swift in Sources */ = {isa = PBXBuildFile; fileRef = D50AE64F2783040E00EFDA30 /* PhotoAppUITests.swift */; };
/* End PBXBuildFile section */

/* Begin PBXContainerItemProxy section */
		D50AE6412783040E00EFDA30 /* PBXContainerItemProxy */ = {
			isa = PBXContainerItemProxy;
			containerPortal = D50AE6222783040A00EFDA30 /* Project object */;
			proxyType = 1;
			remoteGlobalIDString = D50AE6292783040A00EFDA30;
			remoteInfo = PhotoApp;
		};
		D50AE64C2783040E00EFDA30 /* PBXContainerItemProxy */ = {
			isa = PBXContainerItemProxy;
			containerPortal = D50AE6222783040A00EFDA30 /* Project object */;
			proxyType = 1;
			remoteGlobalIDString = D50AE6292783040A00EFDA30;
			remoteInfo = PhotoApp;
		};
/* End PBXContainerItemProxy section */

/* Begin PBXFileReference section */
		D50AE62A2783040A00EFDA30 /* PhotoApp.app */ = {isa = PBXFileReference; explicitFileType = wrapper.application; includeInIndex = 0; path = PhotoApp.app; sourceTree = BUILT_PRODUCTS_DIR; };
		D50AE62D2783040A00EFDA30 /* AppDelegate.swift */ = {isa = PBXFileReference; lastKnownFileType = sourcecode.swift; path = AppDelegate.swift; sourceTree = "<group>"; };
		D50AE62F2783040A00EFDA30 /* SceneDelegate.swift */ = {isa = PBXFileReference; lastKnownFileType = sourcecode.swift; path = SceneDelegate.swift; sourceTree = "<group>"; };
		D50AE6312783040A00EFDA30 /* ViewController.swift */ = {isa = PBXFileReference; lastKnownFileType = sourcecode.swift; path = ViewController.swift; sourceTree = "<group>"; };
		D50AE6342783040A00EFDA30 /* Base */ = {isa = PBXFileReference; lastKnownFileType = file.storyboard; name = Base; path = Base.lproj/Main.storyboard; sourceTree = "<group>"; };
		D50AE6362783040D00EFDA30 /* Assets.xcassets */ = {isa = PBXFileReference; lastKnownFileType = folder.assetcatalog; path = Assets.xcassets; sourceTree = "<group>"; };
		D50AE6392783040D00EFDA30 /* Base */ = {isa = PBXFileReference; lastKnownFileType = file.storyboard; name = Base; path = Base.lproj/LaunchScreen.storyboard; sourceTree = "<group>"; };
		D50AE63B2783040D00EFDA30 /* Info.plist */ = {isa = PBXFileReference; lastKnownFileType = text.plist.xml; path = Info.plist; sourceTree = "<group>"; };
		D50AE6402783040E00EFDA30 /* PhotoAppTests.xctest */ = {isa = PBXFileReference; explicitFileType = wrapper.cfbundle; includeInIndex = 0; path = PhotoAppTests.xctest; sourceTree = BUILT_PRODUCTS_DIR; };
		D50AE6442783040E00EFDA30 /* PhotoAppTests.swift */ = {isa = PBXFileReference; lastKnownFileType = sourcecode.swift; path = PhotoAppTests.swift; sourceTree = "<group>"; };
		D50AE6462783040E00EFDA30 /* Info.plist */ = {isa = PBXFileReference; lastKnownFileType = text.plist.xml; path = Info.plist; sourceTree = "<group>"; };
		D50AE64B2783040E00EFDA30 /* PhotoAppUITests.xctest */ = {isa = PBXFileReference; explicitFileType = wrapper.cfbundle; includeInIndex = 0; path = PhotoAppUITests.xctest; sourceTree = BUILT_PRODUCTS_DIR; };
		D50AE64F2783040E00EFDA30 /* PhotoAppUITests.swift */ = {isa = PBXFileReference; lastKnownFileType = sourcecode.swift; path = PhotoAppUITests.swift; sourceTree = "<group>"; };
		D50AE6512783040E00EFDA30 /* Info.plist */ = {isa = PBXFileReference; lastKnownFileType = text.plist.xml; path = Info.plist; sourceTree = "<group>"; };
/* End PBXFileReference section */

/* Begin PBXFrameworksBuildPhase section */
		D50AE6272783040A00EFDA30 /* Frameworks */ = {
			isa = PBXFrameworksBuildPhase;
			buildActionMask = 2147483647;
			files = (
			);
			runOnlyForDeploymentPostprocessing = 0;
		};
		D50AE63D2783040E00EFDA30 /* Frameworks */ = {
			isa = PBXFrameworksBuildPhase;
			buildActionMask = 2147483647;
			files = (
			);
			runOnlyForDeploymentPostprocessing = 0;
		};
		D50AE6482783040E00EFDA30 /* Frameworks */ = {
			isa = PBXFrameworksBuildPhase;
			buildActionMask = 2147483647;
			files = (
			);
			runOnlyForDeploymentPostprocessing = 0;
		};
/* End PBXFrameworksBuildPhase section */

/* Begin PBXGroup section */
		D50AE6212783040A00EFDA30 = {
			isa = PBXGroup;
			children = (
				D50AE62C2783040A00EFDA30 /* PhotoApp */,
				D50AE6432783040E00EFDA30 /* PhotoAppTests */,
				D50AE64E2783040E00EFDA30 /* PhotoAppUITests */,
				D50AE62B2783040A00EFDA30 /* Products */,
			);
			sourceTree = "<group>";
		};
		D50AE62B2783040A00EFDA30 /* Products */ = {
			isa = PBXGroup;
			children = (
				D50AE62A2783040A00EFDA30 /* PhotoApp.app */,
				D50AE6402783040E00EFDA30 /* PhotoAppTests.xctest */,
				D50AE64B2783040E00EFDA30 /* PhotoAppUITests.xctest */,
			);
			name = Products;
			sourceTree = "<group>";
		};
		D50AE62C2783040A00EFDA30 /* PhotoApp */ = {
			isa = PBXGroup;
			children = (
				D50AE62D2783040A00EFDA30 /* AppDelegate.swift */,
				D50AE62F2783040A00EFDA30 /* SceneDelegate.swift */,
				D50AE6312783040A00EFDA30 /* ViewController.swift */,
				D50AE6332783040A00EFDA30 /* Main.storyboard */,
				D50AE6362783040D00EFDA30 /* Assets.xcassets */,
				D50AE6382783040D00EFDA30 /* LaunchScreen.storyboard */,
				D50AE63B2783040D00EFDA30 /* Info.plist */,
			);
			path = PhotoApp;
			sourceTree = "<group>";
		};
		D50AE6432783040E00EFDA30 /* PhotoAppTests */ = {
			isa = PBXGroup;
			children = (
				D50AE6442783040E00EFDA30 /* PhotoAppTests.swift */,
				D50AE6462783040E00EFDA30 /* Info.plist */,
			);
			path = PhotoAppTests;
			sourceTree = "<group>";
		};
		D50AE64E2783040E00EFDA30 /* PhotoAppUITests */ = {
			isa = PBXGroup;
			children = (
				D50AE64F2783040E00EFDA30 /* PhotoAppUITests.swift */,
				D50AE6512783040E00EFDA30 /* Info.plist */,
			);
			path = PhotoAppUITests;
			sourceTree = "<group>";
		};
/* End PBXGroup section */

/* Begin PBXNativeTarget section */
		D50AE6292783040A00EFDA30 /* PhotoApp */ = {
			isa = PBXNativeTarget;
			buildConfigurationList = D50AE6542783040E00EFDA30 /* Build configuration list for PBXNativeTarget "PhotoApp" */;
			buildPhases = (
				D50AE6262783040A00EFDA30 /* Sources */,
				D50AE6272783040A00EFDA30 /* Frameworks */,
				D50AE6282783040A00EFDA30 /* Resources */,
			);
			buildRules = (
			);
			dependencies = (
			);
			name = PhotoApp;
			productName = PhotoApp;
			productReference = D50AE62A2783040A00EFDA30 /* PhotoApp.app */;
			productType = "com.apple.product-type.application";
		};
		D50AE63F2783040E00EFDA30 /* PhotoAppTests */ = {
			isa = PBXNativeTarget;
			buildConfigurationList = D50AE6572783040E00EFDA30 /* Build configuration list for PBXNativeTarget "PhotoAppTests" */;
			buildPhases = (
				D50AE63C2783040E00EFDA30 /* Sources */,
				D50AE63D2783040E00EFDA30 /* Frameworks */,
				D50AE63E2783040E00EFDA30 /* Resources */,
			);
			buildRules = (
			);
			dependencies = (
				D50AE6422783040E00EFDA30 /* PBXTargetDependency */,
			);
			name = PhotoAppTests;
			productName = PhotoAppTests;
			productReference = D50AE6402783040E00EFDA30 /* PhotoAppTests.xctest */;
			productType = "com.apple.product-type.bundle.unit-test";
		};
		D50AE64A2783040E00EFDA30 /* PhotoAppUITests */ = {
			isa = PBXNativeTarget;
			buildConfigurationList = D50AE65A2783040E00EFDA30 /* Build configuration list for PBXNativeTarget "PhotoAppUITests" */;
			buildPhases = (
				D50AE6472783040E00EFDA30 /* Sources */,
				D50AE6482783040E00EFDA30 /* Frameworks */,
				D50AE6492783040E00EFDA30 /* Resources */,
			);
			buildRules = (
			);
			dependencies = (
				D50AE64D2783040E00EFDA30 /* PBXTargetDependency */,
			);
			name = PhotoAppUITests;
			productName = PhotoAppUITests;
			productReference = D50AE64B2783040E00EFDA30 /* PhotoAppUITests.xctest */;
			productType = "com.apple.product-type.bundle.ui-testing";
		};
/* End PBXNativeTarget section */

/* Begin PBXProject section */
		D50AE6222783040A00EFDA30 /* Project object */ = {
			isa = PBXProject;
			attributes = {
				LastSwiftUpdateCheck = 1250;
				LastUpgradeCheck = 1250;
				TargetAttributes = {
					D50AE6292783040A00EFDA30 = {
						CreatedOnToolsVersion = 12.5.1;
					};
					D50AE63F2783040E00EFDA30 = {
						CreatedOnToolsVersion = 12.5.1;
						TestTargetID = D50AE6292783040A00EFDA30;
					};
					D50AE64A2783040E00EFDA30 = {
						CreatedOnToolsVersion = 12.5.1;
						TestTargetID = D50AE6292783040A00EFDA30;
					};
				};
			};
			buildConfigurationList = D50AE6252783040A00EFDA30 /* Build configuration list for PBXProject "PhotoApp" */;
			compatibilityVersion = "Xcode 9.3";
			developmentRegion = en;
			hasScannedForEncodings = 0;
			knownRegions = (
				en,
				Base,
			);
			mainGroup = D50AE6212783040A00EFDA30;
			productRefGroup = D50AE62B2783040A00EFDA30 /* Products */;
			projectDirPath = "";
			projectRoot = "";
			targets = (
				D50AE6292783040A00EFDA30 /* PhotoApp */,
				D50AE63F2783040E00EFDA30 /* PhotoAppTests */,
				D50AE64A2783040E00EFDA30 /* PhotoAppUITests */,
			);
		};
/* End PBXProject section */

/* Begin PBXResourcesBuildPhase section */
		D50AE6282783040A00EFDA30 /* Resources */ = {
			isa = PBXResourcesBuildPhase;
			buildActionMask = 2147483647;
			files = (
				D50AE63A2783040D00EFDA30 /* LaunchScreen.storyboard in Resources */,
				D50AE6372783040D00EFDA30 /* Assets.xcassets in Resources */,
				D50AE6352783040A00EFDA30 /* Main.storyboard in Resources */,
			);
			runOnlyForDeploymentPostprocessing = 0;
		};
		D50AE63E2783040E00EFDA30 /* Resources */ = {
			isa = PBXResourcesBuildPhase;
			buildActionMask = 2147483647;
			files = (
			);
			runOnlyForDeploymentPostprocessing = 0;
		};
		D50AE6492783040E00EFDA30 /* Resources */ = {
			isa = PBXResourcesBuildPhase;
			buildActionMask = 2147483647;
			files = (
			);
			runOnlyForDeploymentPostprocessing = 0;
		};
/* End PBXResourcesBuildPhase section */

/* Begin PBXSourcesBuildPhase section */
		D50AE6262783040A00EFDA30 /* Sources */ = {
			isa = PBXSourcesBuildPhase;
			buildActionMask = 2147483647;
			files = (
				D50AE6322783040A00EFDA30 /* ViewController.swift in Sources */,
				D50AE62E2783040A00EFDA30 /* AppDelegate.swift in Sources */,
				D50AE6302783040A00EFDA30 /* SceneDelegate.swift in Sources */,
			);
			runOnlyForDeploymentPostprocessing = 0;
		};
		D50AE63C2783040E00EFDA30 /* Sources */ = {
			isa = PBXSourcesBuildPhase;
			buildActionMask = 2147483647;
			files = (
				D50AE6452783040E00EFDA30 /* PhotoAppTests.swift in Sources */,
			);
			runOnlyForDeploymentPostprocessing = 0;
		};
		D50AE6472783040E00EFDA30 /* Sources */ = {
			isa = PBXSourcesBuildPhase;
			buildActionMask = 2147483647;
			files = (
				D50AE6502783040E00EFDA30 /* PhotoAppUITests.swift in Sources */,
			);
			runOnlyForDeploymentPostprocessing = 0;
		};
/* End PBXSourcesBuildPhase section */

/* Begin PBXTargetDependency section */
		D50AE6422783040E00EFDA30 /* PBXTargetDependency */ = {
			isa = PBXTargetDependency;
			target = D50AE6292783040A00EFDA30 /* PhotoApp */;
			targetProxy = D50AE6412783040E00EFDA30 /* PBXContainerItemProxy */;
		};
		D50AE64D2783040E00EFDA30 /* PBXTargetDependency */ = {
			isa = PBXTargetDependency;
			target = D50AE6292783040A00EFDA30 /* PhotoApp */;
			targetProxy = D50AE64C2783040E00EFDA30 /* PBXContainerItemProxy */;
		};
/* End PBXTargetDependency section */

/* Begin PBXVariantGroup section */
		D50AE6332783040A00EFDA30 /* Main.storyboard */ = {
			isa = PBXVariantGroup;
			children = (
				D50AE6342783040A00EFDA30 /* Base */,
			);
			name = Main.storyboard;
			sourceTree = "<group>";
		};
		D50AE6382783040D00EFDA30 /* LaunchScreen.storyboard */ = {
			isa = PBXVariantGroup;
			children = (
				D50AE6392783040D00EFDA30 /* Base */,
			);
			name = LaunchScreen.storyboard;
			sourceTree = "<group>";
		};
/* End PBXVariantGroup section */

/* Begin XCBuildConfiguration section */
		D50AE6522783040E00EFDA30 /* Debug */ = {
			isa = XCBuildConfiguration;
			buildSettings = {
				ALWAYS_SEARCH_USER_PATHS = NO;
				CLANG_ANALYZER_NONNULL = YES;
				CLANG_ANALYZER_NUMBER_OBJECT_CONVERSION = YES_AGGRESSIVE;
				CLANG_CXX_LANGUAGE_STANDARD = "gnu++14";
				CLANG_CXX_LIBRARY = "libc++";
				CLANG_ENABLE_MODULES = YES;
				CLANG_ENABLE_OBJC_ARC = YES;
				CLANG_ENABLE_OBJC_WEAK = YES;
				CLANG_WARN_BLOCK_CAPTURE_AUTORELEASING = YES;
				CLANG_WARN_BOOL_CONVERSION = YES;
				CLANG_WARN_COMMA = YES;
				CLANG_WARN_CONSTANT_CONVERSION = YES;
				CLANG_WARN_DEPRECATED_OBJC_IMPLEMENTATIONS = YES;
				CLANG_WARN_DIRECT_OBJC_ISA_USAGE = YES_ERROR;
				CLANG_WARN_DOCUMENTATION_COMMENTS = YES;
				CLANG_WARN_EMPTY_BODY = YES;
				CLANG_WARN_ENUM_CONVERSION = YES;
				CLANG_WARN_INFINITE_RECURSION = YES;
				CLANG_WARN_INT_CONVERSION = YES;
				CLANG_WARN_NON_LITERAL_NULL_CONVERSION = YES;
				CLANG_WARN_OBJC_IMPLICIT_RETAIN_SELF = YES;
				CLANG_WARN_OBJC_LITERAL_CONVERSION = YES;
				CLANG_WARN_OBJC_ROOT_CLASS = YES_ERROR;
				CLANG_WARN_QUOTED_INCLUDE_IN_FRAMEWORK_HEADER = YES;
				CLANG_WARN_RANGE_LOOP_ANALYSIS = YES;
				CLANG_WARN_STRICT_PROTOTYPES = YES;
				CLANG_WARN_SUSPICIOUS_MOVE = YES;
				CLANG_WARN_UNGUARDED_AVAILABILITY = YES_AGGRESSIVE;
				CLANG_WARN_UNREACHABLE_CODE = YES;
				CLANG_WARN__DUPLICATE_METHOD_MATCH = YES;
				COPY_PHASE_STRIP = NO;
				DEBUG_INFORMATION_FORMAT = dwarf;
				ENABLE_STRICT_OBJC_MSGSEND = YES;
				ENABLE_TESTABILITY = YES;
				GCC_C_LANGUAGE_STANDARD = gnu11;
				GCC_DYNAMIC_NO_PIC = NO;
				GCC_NO_COMMON_BLOCKS = YES;
				GCC_OPTIMIZATION_LEVEL = 0;
				GCC_PREPROCESSOR_DEFINITIONS = (
					"DEBUG=1",
					"$(inherited)",
				);
				GCC_WARN_64_TO_32_BIT_CONVERSION = YES;
				GCC_WARN_ABOUT_RETURN_TYPE = YES_ERROR;
				GCC_WARN_UNDECLARED_SELECTOR = YES;
				GCC_WARN_UNINITIALIZED_AUTOS = YES_AGGRESSIVE;
				GCC_WARN_UNUSED_FUNCTION = YES;
				GCC_WARN_UNUSED_VARIABLE = YES;
				IPHONEOS_DEPLOYMENT_TARGET = 14.5;
				MTL_ENABLE_DEBUG_INFO = INCLUDE_SOURCE;
				MTL_FAST_MATH = YES;
				ONLY_ACTIVE_ARCH = YES;
				SDKROOT = iphoneos;
				SWIFT_ACTIVE_COMPILATION_CONDITIONS = DEBUG;
				SWIFT_OPTIMIZATION_LEVEL = "-Onone";
			};
			name = Debug;
		};
		D50AE6532783040E00EFDA30 /* Release */ = {
			isa = XCBuildConfiguration;
			buildSettings = {
				ALWAYS_SEARCH_USER_PATHS = NO;
				CLANG_ANALYZER_NONNULL = YES;
				CLANG_ANALYZER_NUMBER_OBJECT_CONVERSION = YES_AGGRESSIVE;
				CLANG_CXX_LANGUAGE_STANDARD = "gnu++14";
				CLANG_CXX_LIBRARY = "libc++";
				CLANG_ENABLE_MODULES = YES;
				CLANG_ENABLE_OBJC_ARC = YES;
				CLANG_ENABLE_OBJC_WEAK = YES;
				CLANG_WARN_BLOCK_CAPTURE_AUTORELEASING = YES;
				CLANG_WARN_BOOL_CONVERSION = YES;
				CLANG_WARN_COMMA = YES;
				CLANG_WARN_CONSTANT_CONVERSION = YES;
				CLANG_WARN_DEPRECATED_OBJC_IMPLEMENTATIONS = YES;
				CLANG_WARN_DIRECT_OBJC_ISA_USAGE = YES_ERROR;
				CLANG_WARN_DOCUMENTATION_COMMENTS = YES;
				CLANG_WARN_EMPTY_BODY = YES;
				CLANG_WARN_ENUM_CONVERSION = YES;
				CLANG_WARN_INFINITE_RECURSION = YES;
				CLANG_WARN_INT_CONVERSION = YES;
				CLANG_WARN_NON_LITERAL_NULL_CONVERSION = YES;
				CLANG_WARN_OBJC_IMPLICIT_RETAIN_SELF = YES;
				CLANG_WARN_OBJC_LITERAL_CONVERSION = YES;
				CLANG_WARN_OBJC_ROOT_CLASS = YES_ERROR;
				CLANG_WARN_QUOTED_INCLUDE_IN_FRAMEWORK_HEADER = YES;
				CLANG_WARN_RANGE_LOOP_ANALYSIS = YES;
				CLANG_WARN_STRICT_PROTOTYPES = YES;
				CLANG_WARN_SUSPICIOUS_MOVE = YES;
				CLANG_WARN_UNGUARDED_AVAILABILITY = YES_AGGRESSIVE;
				CLANG_WARN_UNREACHABLE_CODE = YES;
				CLANG_WARN__DUPLICATE_METHOD_MATCH = YES;
				COPY_PHASE_STRIP = NO;
				DEBUG_INFORMATION_FORMAT = "dwarf-with-dsym";
				ENABLE_NS_ASSERTIONS = NO;
				ENABLE_STRICT_OBJC_MSGSEND = YES;
				GCC_C_LANGUAGE_STANDARD = gnu11;
				GCC_NO_COMMON_BLOCKS = YES;
				GCC_WARN_64_TO_32_BIT_CONVERSION = YES;
				GCC_WARN_ABOUT_RETURN_TYPE = YES_ERROR;
				GCC_WARN_UNDECLARED_SELECTOR = YES;
				GCC_WARN_UNINITIALIZED_AUTOS = YES_AGGRESSIVE;
				GCC_WARN_UNUSED_FUNCTION = YES;
				GCC_WARN_UNUSED_VARIABLE = YES;
				IPHONEOS_DEPLOYMENT_TARGET = 14.5;
				MTL_ENABLE_DEBUG_INFO = NO;
				MTL_FAST_MATH = YES;
				SDKROOT = iphoneos;
				SWIFT_COMPILATION_MODE = wholemodule;
				SWIFT_OPTIMIZATION_LEVEL = "-O";
				VALIDATE_PRODUCT = YES;
			};
			name = Release;
		};
		D50AE6552783040E00EFDA30 /* Debug */ = {
			isa = XCBuildConfiguration;
			buildSettings = {
				ASSETCATALOG_COMPILER_APPICON_NAME = AppIcon;
				ASSETCATALOG_COMPILER_GLOBAL_ACCENT_COLOR_NAME = AccentColor;
				CODE_SIGN_STYLE = Automatic;
				DEVELOPMENT_TEAM = 2SNP4C8GTH;
				INFOPLIST_FILE = PhotoApp/Info.plist;
				LD_RUNPATH_SEARCH_PATHS = (
					"$(inherited)",
					"@executable_path/Frameworks",
				);
				PRODUCT_BUNDLE_IDENTIFIER = com.serafinennes.PhotoApp;
				PRODUCT_NAME = "$(TARGET_NAME)";
				SWIFT_VERSION = 5.0;
				TARGETED_DEVICE_FAMILY = "1,2";
			};
			name = Debug;
		};
		D50AE6562783040E00EFDA30 /* Release */ = {
			isa = XCBuildConfiguration;
			buildSettings = {
				ASSETCATALOG_COMPILER_APPICON_NAME = AppIcon;
				ASSETCATALOG_COMPILER_GLOBAL_ACCENT_COLOR_NAME = AccentColor;
				CODE_SIGN_STYLE = Automatic;
				DEVELOPMENT_TEAM = 2SNP4C8GTH;
				INFOPLIST_FILE = PhotoApp/Info.plist;
				LD_RUNPATH_SEARCH_PATHS = (
					"$(inherited)",
					"@executable_path/Frameworks",
				);
				PRODUCT_BUNDLE_IDENTIFIER = com.serafinennes.PhotoApp;
				PRODUCT_NAME = "$(TARGET_NAME)";
				SWIFT_VERSION = 5.0;
				TARGETED_DEVICE_FAMILY = "1,2";
			};
			name = Release;
		};
		D50AE6582783040E00EFDA30 /* Debug */ = {
			isa = XCBuildConfiguration;
			buildSettings = {
				ALWAYS_EMBED_SWIFT_STANDARD_LIBRARIES = YES;
				BUNDLE_LOADER = "$(TEST_HOST)";
				CODE_SIGN_STYLE = Automatic;
				DEVELOPMENT_TEAM = 2SNP4C8GTH;
				INFOPLIST_FILE = PhotoAppTests/Info.plist;
				IPHONEOS_DEPLOYMENT_TARGET = 14.5;
				LD_RUNPATH_SEARCH_PATHS = (
					"$(inherited)",
					"@executable_path/Frameworks",
					"@loader_path/Frameworks",
				);
				PRODUCT_BUNDLE_IDENTIFIER = com.serafinennes.PhotoAppTests;
				PRODUCT_NAME = "$(TARGET_NAME)";
				SWIFT_VERSION = 5.0;
				TARGETED_DEVICE_FAMILY = "1,2";
				TEST_HOST = "$(BUILT_PRODUCTS_DIR)/PhotoApp.app/PhotoApp";
			};
			name = Debug;
		};
		D50AE6592783040E00EFDA30 /* Release */ = {
			isa = XCBuildConfiguration;
			buildSettings = {
				ALWAYS_EMBED_SWIFT_STANDARD_LIBRARIES = YES;
				BUNDLE_LOADER = "$(TEST_HOST)";
				CODE_SIGN_STYLE = Automatic;
				DEVELOPMENT_TEAM = 2SNP4C8GTH;
				INFOPLIST_FILE = PhotoAppTests/Info.plist;
				IPHONEOS_DEPLOYMENT_TARGET = 14.5;
				LD_RUNPATH_SEARCH_PATHS = (
					"$(inherited)",
					"@executable_path/Frameworks",
					"@loader_path/Frameworks",
				);
				PRODUCT_BUNDLE_IDENTIFIER = com.serafinennes.PhotoAppTests;
				PRODUCT_NAME = "$(TARGET_NAME)";
				SWIFT_VERSION = 5.0;
				TARGETED_DEVICE_FAMILY = "1,2";
				TEST_HOST = "$(BUILT_PRODUCTS_DIR)/PhotoApp.app/PhotoApp";
			};
			name = Release;
		};
		D50AE65B2783040E00EFDA30 /* Debug */ = {
			isa = XCBuildConfiguration;
			buildSettings = {
				ALWAYS_EMBED_SWIFT_STANDARD_LIBRARIES = YES;
				CODE_SIGN_STYLE = Automatic;
				DEVELOPMENT_TEAM = 2SNP4C8GTH;
				INFOPLIST_FILE = PhotoAppUITests/Info.plist;
				LD_RUNPATH_SEARCH_PATHS = (
					"$(inherited)",
					"@executable_path/Frameworks",
					"@loader_path/Frameworks",
				);
				PRODUCT_BUNDLE_IDENTIFIER = com.serafinennes.PhotoAppUITests;
				PRODUCT_NAME = "$(TARGET_NAME)";
				SWIFT_VERSION = 5.0;
				TARGETED_DEVICE_FAMILY = "1,2";
				TEST_TARGET_NAME = PhotoApp;
			};
			name = Debug;
		};
		D50AE65C2783040E00EFDA30 /* Release */ = {
			isa = XCBuildConfiguration;
			buildSettings = {
				ALWAYS_EMBED_SWIFT_STANDARD_LIBRARIES = YES;
				CODE_SIGN_STYLE = Automatic;
				DEVELOPMENT_TEAM = 2SNP4C8GTH;
				INFOPLIST_FILE = PhotoAppUITests/Info.plist;
				LD_RUNPATH_SEARCH_PATHS = (
					"$(inherited)",
					"@executable_path/Frameworks",
					"@loader_path/Frameworks",
				);
				PRODUCT_BUNDLE_IDENTIFIER = com.serafinennes.PhotoAppUITests;
				PRODUCT_NAME = "$(TARGET_NAME)";
				SWIFT_VERSION = 5.0;
				TARGETED_DEVICE_FAMILY = "1,2";
				TEST_TARGET_NAME = PhotoApp;
			};
			name = Release;
		};
/* End XCBuildConfiguration section */

/* Begin XCConfigurationList section */
		D50AE6252783040A00EFDA30 /* Build configuration list for PBXProject "PhotoApp" */ = {
			isa = XCConfigurationList;
			buildConfigurations = (
				D50AE6522783040E00EFDA30 /* Debug */,
				D50AE6532783040E00EFDA30 /* Release */,
			);
			defaultConfigurationIsVisible = 0;
			defaultConfigurationName = Release;
		};
		D50AE6542783040E00EFDA30 /* Build configuration list for PBXNativeTarget "PhotoApp" */ = {
			isa = XCConfigurationList;
			buildConfigurations = (
				D50AE6552783040E00EFDA30 /* Debug */,
				D50AE6562783040E00EFDA30 /* Release */,
			);
			defaultConfigurationIsVisible = 0;
			defaultConfigurationName = Release;
		};
		D50AE6572783040E00EFDA30 /* Build configuration list for PBXNativeTarget "PhotoAppTests" */ = {
			isa = XCConfigurationList;
			buildConfigurations = (
				D50AE6582783040E00EFDA30 /* Debug */,
				D50AE6592783040E00EFDA30 /* Release */,
			);
			defaultConfigurationIsVisible = 0;
			defaultConfigurationName = Release;
		};
		D50AE65A2783040E00EFDA30 /* Build configuration list for PBXNativeTarget "PhotoAppUITests" */ = {
			isa = XCConfigurationList;
			buildConfigurations = (
				D50AE65B2783040E00EFDA30 /* Debug */,
				D50AE65C2783040E00EFDA30 /* Release */,
			);
			defaultConfigurationIsVisible = 0;
			defaultConfigurationName = Release;
		};
/* End XCConfigurationList section */
	};
	rootObject = D50AE6222783040A00EFDA30 /* Project object */;
}
